// !$*UTF8*$!
{
	archiveVersion = 1;
	classes = {
	};
	objectVersion = 77;
	objects = {

/* Begin PBXBuildFile section */
		08EEDB271633BEA6DBB1D757 /* NotificationActionHandlerTests.swift in Sources */ = {isa = PBXBuildFile; fileRef = EFC3E015B3D8013887D11F29 /* NotificationActionHandlerTests.swift */; };
		0BF2B9712BF81875AB346D0A /* Mushroom.swift in Sources */ = {isa = PBXBuildFile; fileRef = 10BF7536DBC3CF8BD634901F /* Mushroom.swift */; };
		109986EB6D974225CBDAB668 /* SharedKeychainTests.swift in Sources */ = {isa = PBXBuildFile; fileRef = 8879A2D815A4A3A412BECF9A /* SharedKeychainTests.swift */; };
		12A54EC9F3A062522FAB966A /* TimerQueries.swift in Sources */ = {isa = PBXBuildFile; fileRef = B87C4E9939AC771A44C39E08 /* TimerQueries.swift */; };
		16A4A0D0306EDACC6B9AA2F4 /* ModelTests.swift in Sources */ = {isa = PBXBuildFile; fileRef = ED89C90547C3FE29A133E296 /* ModelTests.swift */; };
		18676072F6FE9FB1C1EEA6DB /* WidgetChannel.swift in Sources */ = {isa = PBXBuildFile; fileRef = 9A5D2B440E1FDE34DE46E3D1 /* WidgetChannel.swift */; };
		1E8BA52800B95E1B92C9B98F /* WidgetPayload.swift in Sources */ = {isa = PBXBuildFile; fileRef = 5AD959B818E5929AE591DFB6 /* WidgetPayload.swift */; };
		27448740B2BC19CEE6B2C9C4 /* TimerQueriesTests.swift in Sources */ = {isa = PBXBuildFile; fileRef = 4F9E19848B81138A3A6D384A /* TimerQueriesTests.swift */; };
		2B0998B730257932B3B8490B /* SwiftUI.framework in Frameworks */ = {isa = PBXBuildFile; fileRef = B2169958ADD14D4A0BD1BDDD /* SwiftUI.framework */; };
		2F34B87293809F28004C2D1D /* NotificationPolicy.swift in Sources */ = {isa = PBXBuildFile; fileRef = 0117BC947C514D32047430F9 /* NotificationPolicy.swift */; };
		302DE55CE1C0317A30CA05EB /* QuickLogHereIntent.swift in Sources */ = {isa = PBXBuildFile; fileRef = 5E31980C7B72DD204CBC05AE /* QuickLogHereIntent.swift */; };
		304FD7E645216B3095BCA784 /* DurationInputTests.swift in Sources */ = {isa = PBXBuildFile; fileRef = 891E4FD41DA6CC6C1FC00A62 /* DurationInputTests.swift */; };
		361CD0B50F3C0BB7523B1EB1 /* BackupCodec.swift in Sources */ = {isa = PBXBuildFile; fileRef = 4492FC31F9055FC6EB84871C /* BackupCodec.swift */; };
		391E9440BE76EBD1F8853135 /* SettingsView.swift in Sources */ = {isa = PBXBuildFile; fileRef = F12D1A6B98BE98CF5B7E05AB /* SettingsView.swift */; };
		3C4125AD129A08E1EB8951E5 /* WidgetPayload.swift in Sources */ = {isa = PBXBuildFile; fileRef = 5AD959B818E5929AE591DFB6 /* WidgetPayload.swift */; };
		3FF570F4AB11D6163246B9E1 /* MushroomGroup.swift in Sources */ = {isa = PBXBuildFile; fileRef = C2E2F918B216DAD57127A166 /* MushroomGroup.swift */; };
		43F63840E06822CFC843FEAB /* SharedKeychain.swift in Sources */ = {isa = PBXBuildFile; fileRef = 34C254939F88113A496C6A4B /* SharedKeychain.swift */; };
		46890ED0A157A5A765F00192 /* IntentSupport.swift in Sources */ = {isa = PBXBuildFile; fileRef = 230953AEDF221C498B776C31 /* IntentSupport.swift */; };
		489CACEDBAC8C51F40B7D91E /* GroupLocator.swift in Sources */ = {isa = PBXBuildFile; fileRef = 2386E5436F2E01CD239CF28F /* GroupLocator.swift */; };
		49A7F57AD2CC8D6F3AD205B8 /* MushroomTimerWidgets.appex in Embed Foundation Extensions */ = {isa = PBXBuildFile; fileRef = 637229BB11FBC67744367D81 /* MushroomTimerWidgets.appex */; settings = {ATTRIBUTES = (RemoveHeadersOnCopy, ); }; };
		5235821BBE0EEBEF14AA207F /* WidgetKit.framework in Frameworks */ = {isa = PBXBuildFile; fileRef = 7A85F0E08E6E521A94B04B87 /* WidgetKit.framework */; };
		52B6CE119C23FC5944D5A936 /* TimerCalculatorTests.swift in Sources */ = {isa = PBXBuildFile; fileRef = 6A71E4B4C56E636B7ADCAC83 /* TimerCalculatorTests.swift */; };
		56A8B5504DA3BD6068C4EA63 /* NotificationDiagnosticsTests.swift in Sources */ = {isa = PBXBuildFile; fileRef = 9550D71A0A92F7524F0638CD /* NotificationDiagnosticsTests.swift */; };
		58BCC801B4B76ED0CA677688 /* QuickLogSection.swift in Sources */ = {isa = PBXBuildFile; fileRef = E9364EEC0FC19F4A378D0E47 /* QuickLogSection.swift */; };
		59E479BDC5D9BB3E4A837E99 /* Placeholder.swift in Sources */ = {isa = PBXBuildFile; fileRef = 308BDD69DC0D3B60A7D4F4CB /* Placeholder.swift */; };
		635ECE90DF763F5B643FBF02 /* MushroomEntity.swift in Sources */ = {isa = PBXBuildFile; fileRef = 265969DA8299EEEE86A5C7A9 /* MushroomEntity.swift */; };
		6574C45559F97CA8DE99BF59 /* NotificationPolicyTests.swift in Sources */ = {isa = PBXBuildFile; fileRef = EB1CA25C71F8C05DF9872303 /* NotificationPolicyTests.swift */; };
		6703CA772C609D3A173E1742 /* WidgetPayloadTests.swift in Sources */ = {isa = PBXBuildFile; fileRef = F2A10FB26414FBBF8FD0C62C /* WidgetPayloadTests.swift */; };
		6D5BA672B6F4932333635F8A /* NotificationServiceTests.swift in Sources */ = {isa = PBXBuildFile; fileRef = 8CF2D158F38AEFA5A9AAABF4 /* NotificationServiceTests.swift */; };
		6E01D9ABA21F40BC700DAA4B /* Placeholder.swift in Sources */ = {isa = PBXBuildFile; fileRef = 308BDD69DC0D3B60A7D4F4CB /* Placeholder.swift */; };
		6E8705A0E5F6EB9E5516522E /* TimeInputSheet.swift in Sources */ = {isa = PBXBuildFile; fileRef = 57B3E760F020A24328342CEF /* TimeInputSheet.swift */; };
		70374674CBF77FB2E73AB9F2 /* MushroomActivityAttributesTests.swift in Sources */ = {isa = PBXBuildFile; fileRef = 247930576A1444BDBE263607 /* MushroomActivityAttributesTests.swift */; };
		71A483C473EE1A0C1DD639C8 /* CurrentGroupResolverTests.swift in Sources */ = {isa = PBXBuildFile; fileRef = 2B2E3DD43E9FDCF89208B802 /* CurrentGroupResolverTests.swift */; };
		736C8E46533527610FAAC229 /* MushroomActivityAttributes.swift in Sources */ = {isa = PBXBuildFile; fileRef = D9AD83BF34B380C857399EEF /* MushroomActivityAttributes.swift */; };
		750E25B3BC94740179B74669 /* SharedKeychain.swift in Sources */ = {isa = PBXBuildFile; fileRef = 34C254939F88113A496C6A4B /* SharedKeychain.swift */; };
		7A6D240BEB6A228585353FE4 /* TimeInputModelTests.swift in Sources */ = {isa = PBXBuildFile; fileRef = 1A79A5B9BDE577AFCE97B5E7 /* TimeInputModelTests.swift */; };
		8028E8A857218E2B22EBCCB9 /* MushroomTimerWidgetBundle.swift in Sources */ = {isa = PBXBuildFile; fileRef = 89E74C7A6C7EBCBB6099AB2A /* MushroomTimerWidgetBundle.swift */; };
		86BD3E03DF9A00AAAB0C34D4 /* DurationInput.swift in Sources */ = {isa = PBXBuildFile; fileRef = EEC62ADA0D9EC46EA87D3CAE /* DurationInput.swift */; };
		8822B81A0A31FE1D5BBF2C18 /* NotificationService.swift in Sources */ = {isa = PBXBuildFile; fileRef = DD32F8CD6E94134D758C221C /* NotificationService.swift */; };
		8BBA38CE3FB6A39EC639AA51 /* MainView.swift in Sources */ = {isa = PBXBuildFile; fileRef = F27031CBE502D1867FFD149A /* MainView.swift */; };
		8DBF77D3025C063A27C264CD /* BackupCodecTests.swift in Sources */ = {isa = PBXBuildFile; fileRef = 8D636E16EF698D45DA7800A7 /* BackupCodecTests.swift */; };
		8E416B7A5EB5C8D2F691F376 /* MushroomActivityAttributes.swift in Sources */ = {isa = PBXBuildFile; fileRef = D9AD83BF34B380C857399EEF /* MushroomActivityAttributes.swift */; };
		907D3BD1FEEEE71626CEC42B /* MushroomListView.swift in Sources */ = {isa = PBXBuildFile; fileRef = 8BBB1EA6B867776F4195DF16 /* MushroomListView.swift */; };
		93B9DD55DF2EBC79564F220C /* MushroomLiveActivity.swift in Sources */ = {isa = PBXBuildFile; fileRef = 6AD755609E25F5F68BE0DBBD /* MushroomLiveActivity.swift */; };
		9AC019362584FC128BE4B3DB /* CurrentGroupResolver.swift in Sources */ = {isa = PBXBuildFile; fileRef = BCDAB99F92C900AE3C775335 /* CurrentGroupResolver.swift */; };
		9BA786FC741F424334EE2A88 /* LiveActivityStateTests.swift in Sources */ = {isa = PBXBuildFile; fileRef = 71922B13A4D0F91F156DFBF2 /* LiveActivityStateTests.swift */; };
		A83A2E758C42E8F38BFD681F /* WidgetChannelTests.swift in Sources */ = {isa = PBXBuildFile; fileRef = 9BA2B9FB411CCA3834DF3EB8 /* WidgetChannelTests.swift */; };
		A8C8D055AA13C6CFC22514C6 /* NotificationDiagnostics.swift in Sources */ = {isa = PBXBuildFile; fileRef = 9E7719BB896A4B2D7E13A89A /* NotificationDiagnostics.swift */; };
		A94A9B192CFB8F612A90703A /* MushroomTimerApp.swift in Sources */ = {isa = PBXBuildFile; fileRef = 1166C53C71AF16FC09B6E3DC /* MushroomTimerApp.swift */; };
		ABDC6ECFEC4603DAD5EC3A4A /* TimerEntry.swift in Sources */ = {isa = PBXBuildFile; fileRef = 8B03583BFC1C539B94CA12BF /* TimerEntry.swift */; };
		AC131AC4C7AAABB894D5E736 /* SettingsStoreTests.swift in Sources */ = {isa = PBXBuildFile; fileRef = 1A1BCDBE90679F15E0455ED2 /* SettingsStoreTests.swift */; };
		ACA298C948F597399336EE23 /* LiveActivityController.swift in Sources */ = {isa = PBXBuildFile; fileRef = D744EC7DBEAC48C7C9D87BBD /* LiveActivityController.swift */; };
		B21FFFF3A358B43C8B1C5B3C /* MushroomLoggerTests.swift in Sources */ = {isa = PBXBuildFile; fileRef = C9771517F37027ECC43783A5 /* MushroomLoggerTests.swift */; };
		B54D6AE565F73557C26FD351 /* IntentSupportTests.swift in Sources */ = {isa = PBXBuildFile; fileRef = 568C87A44F55D1B138076F56 /* IntentSupportTests.swift */; };
		BB96BFAE5B8AC973A89416A7 /* MushroomLogger.swift in Sources */ = {isa = PBXBuildFile; fileRef = 74CB5E0CB79E08D30AFCA9A7 /* MushroomLogger.swift */; };
		BBF92ED5C3C9F70B7B9EDF0A /* LocationService.swift in Sources */ = {isa = PBXBuildFile; fileRef = 4CCA0BF381B2D157151369AA /* LocationService.swift */; };
		CD946314177EAD4821A67686 /* QuickLogWidget.swift in Sources */ = {isa = PBXBuildFile; fileRef = F7F45689067D12F6C21F6A2A /* QuickLogWidget.swift */; };
		D1FB6F72B5A07271F7388BE8 /* GroupListView.swift in Sources */ = {isa = PBXBuildFile; fileRef = 48E4125321C8FDA62C34E248 /* GroupListView.swift */; };
		D3FB84D265F8F031FC48673C /* Assets.xcassets in Resources */ = {isa = PBXBuildFile; fileRef = CC94108FFEDDD25D3C887D53 /* Assets.xcassets */; };
		DB9236216DE673F9AD94F40B /* GroupLocatorTests.swift in Sources */ = {isa = PBXBuildFile; fileRef = FB1FF9F7A1A6F3D8810AB4D0 /* GroupLocatorTests.swift */; };
		E0935CCA6091F59CB4B70C60 /* TimerCalculator.swift in Sources */ = {isa = PBXBuildFile; fileRef = 85A342B37574622AEB979688 /* TimerCalculator.swift */; };
		E679C1DD39468A01CA4035FD /* NotificationActionHandler.swift in Sources */ = {isa = PBXBuildFile; fileRef = 248FBAA0FCB177A8B6AF1BB2 /* NotificationActionHandler.swift */; };
		E6FBE78F710ABAE6378ECD48 /* LogMushroomIntent.swift in Sources */ = {isa = PBXBuildFile; fileRef = 36A6ECB5618A71F7CF2F7A0B /* LogMushroomIntent.swift */; };
		EA20F27ED095A7D1E4EE67AF /* AppShortcuts.swift in Sources */ = {isa = PBXBuildFile; fileRef = 2DEF3D309E373C072B0F3BC8 /* AppShortcuts.swift */; };
		F26B1AD8FBD679DC91FCC46B /* ActiveTimersSection.swift in Sources */ = {isa = PBXBuildFile; fileRef = C3F07028EDD182948D078592 /* ActiveTimersSection.swift */; };
		FCC3A25577C7E4904CF5893E /* SettingsStore.swift in Sources */ = {isa = PBXBuildFile; fileRef = 3A76B11F3066C1FDC4C76754 /* SettingsStore.swift */; };
		FD417E18A05211A7D1865501 /* QuickLogIntent.swift in Sources */ = {isa = PBXBuildFile; fileRef = E8A06E2CBBF9940FC5FECE08 /* QuickLogIntent.swift */; };
		FEE220AEA3384405CA24F5DE /* QuickLogIntent.swift in Sources */ = {isa = PBXBuildFile; fileRef = E8A06E2CBBF9940FC5FECE08 /* QuickLogIntent.swift */; };
/* End PBXBuildFile section */

/* Begin PBXContainerItemProxy section */
		1AA8C5EEFFDF244CC8F42285 /* PBXContainerItemProxy */ = {
			isa = PBXContainerItemProxy;
			containerPortal = 350D3ADC84D368964DAA902C /* Project object */;
			proxyType = 1;
			remoteGlobalIDString = 8BDA4B8F53ED65CF6BDFABE8;
			remoteInfo = MushroomTimerWidgets;
		};
		50C96E92BBB491EB7F0A2B87 /* PBXContainerItemProxy */ = {
			isa = PBXContainerItemProxy;
			containerPortal = 350D3ADC84D368964DAA902C /* Project object */;
			proxyType = 1;
			remoteGlobalIDString = 1899DEE8CEE401A47EEF0A9D;
			remoteInfo = MushroomTimer;
		};
/* End PBXContainerItemProxy section */

/* Begin PBXCopyFilesBuildPhase section */
		6F8931382373ABC7A5AC26B5 /* Embed Foundation Extensions */ = {
			isa = PBXCopyFilesBuildPhase;
			buildActionMask = 2147483647;
			dstPath = "";
			dstSubfolderSpec = 13;
			files = (
				49A7F57AD2CC8D6F3AD205B8 /* MushroomTimerWidgets.appex in Embed Foundation Extensions */,
			);
			name = "Embed Foundation Extensions";
			runOnlyForDeploymentPostprocessing = 0;
		};
/* End PBXCopyFilesBuildPhase section */

/* Begin PBXFileReference section */
		0117BC947C514D32047430F9 /* NotificationPolicy.swift */ = {isa = PBXFileReference; lastKnownFileType = sourcecode.swift; path = NotificationPolicy.swift; sourceTree = "<group>"; };
		0240A0C48ECADC15F6CA5CDB /* MushroomTimer.app */ = {isa = PBXFileReference; includeInIndex = 0; lastKnownFileType = wrapper.application; path = MushroomTimer.app; sourceTree = BUILT_PRODUCTS_DIR; };
		10BF7536DBC3CF8BD634901F /* Mushroom.swift */ = {isa = PBXFileReference; lastKnownFileType = sourcecode.swift; path = Mushroom.swift; sourceTree = "<group>"; };
		1166C53C71AF16FC09B6E3DC /* MushroomTimerApp.swift */ = {isa = PBXFileReference; lastKnownFileType = sourcecode.swift; path = MushroomTimerApp.swift; sourceTree = "<group>"; };
		1A1BCDBE90679F15E0455ED2 /* SettingsStoreTests.swift */ = {isa = PBXFileReference; lastKnownFileType = sourcecode.swift; path = SettingsStoreTests.swift; sourceTree = "<group>"; };
		1A79A5B9BDE577AFCE97B5E7 /* TimeInputModelTests.swift */ = {isa = PBXFileReference; lastKnownFileType = sourcecode.swift; path = TimeInputModelTests.swift; sourceTree = "<group>"; };
		230953AEDF221C498B776C31 /* IntentSupport.swift */ = {isa = PBXFileReference; lastKnownFileType = sourcecode.swift; path = IntentSupport.swift; sourceTree = "<group>"; };
		2386E5436F2E01CD239CF28F /* GroupLocator.swift */ = {isa = PBXFileReference; lastKnownFileType = sourcecode.swift; path = GroupLocator.swift; sourceTree = "<group>"; };
		247930576A1444BDBE263607 /* MushroomActivityAttributesTests.swift */ = {isa = PBXFileReference; lastKnownFileType = sourcecode.swift; path = MushroomActivityAttributesTests.swift; sourceTree = "<group>"; };
		248FBAA0FCB177A8B6AF1BB2 /* NotificationActionHandler.swift */ = {isa = PBXFileReference; lastKnownFileType = sourcecode.swift; path = NotificationActionHandler.swift; sourceTree = "<group>"; };
		265969DA8299EEEE86A5C7A9 /* MushroomEntity.swift */ = {isa = PBXFileReference; lastKnownFileType = sourcecode.swift; path = MushroomEntity.swift; sourceTree = "<group>"; };
		2B2E3DD43E9FDCF89208B802 /* CurrentGroupResolverTests.swift */ = {isa = PBXFileReference; lastKnownFileType = sourcecode.swift; path = CurrentGroupResolverTests.swift; sourceTree = "<group>"; };
		2DEF3D309E373C072B0F3BC8 /* AppShortcuts.swift */ = {isa = PBXFileReference; lastKnownFileType = sourcecode.swift; path = AppShortcuts.swift; sourceTree = "<group>"; };
		308BDD69DC0D3B60A7D4F4CB /* Placeholder.swift */ = {isa = PBXFileReference; lastKnownFileType = sourcecode.swift; path = Placeholder.swift; sourceTree = "<group>"; };
		343D2B82C3797DA02F97425C /* Info.plist */ = {isa = PBXFileReference; lastKnownFileType = text.plist; path = Info.plist; sourceTree = "<group>"; };
		34C254939F88113A496C6A4B /* SharedKeychain.swift */ = {isa = PBXFileReference; lastKnownFileType = sourcecode.swift; path = SharedKeychain.swift; sourceTree = "<group>"; };
		36A6ECB5618A71F7CF2F7A0B /* LogMushroomIntent.swift */ = {isa = PBXFileReference; lastKnownFileType = sourcecode.swift; path = LogMushroomIntent.swift; sourceTree = "<group>"; };
		3A76B11F3066C1FDC4C76754 /* SettingsStore.swift */ = {isa = PBXFileReference; lastKnownFileType = sourcecode.swift; path = SettingsStore.swift; sourceTree = "<group>"; };
		4492FC31F9055FC6EB84871C /* BackupCodec.swift */ = {isa = PBXFileReference; lastKnownFileType = sourcecode.swift; path = BackupCodec.swift; sourceTree = "<group>"; };
		48E4125321C8FDA62C34E248 /* GroupListView.swift */ = {isa = PBXFileReference; lastKnownFileType = sourcecode.swift; path = GroupListView.swift; sourceTree = "<group>"; };
		4CCA0BF381B2D157151369AA /* LocationService.swift */ = {isa = PBXFileReference; lastKnownFileType = sourcecode.swift; path = LocationService.swift; sourceTree = "<group>"; };
		4F9E19848B81138A3A6D384A /* TimerQueriesTests.swift */ = {isa = PBXFileReference; lastKnownFileType = sourcecode.swift; path = TimerQueriesTests.swift; sourceTree = "<group>"; };
		568C87A44F55D1B138076F56 /* IntentSupportTests.swift */ = {isa = PBXFileReference; lastKnownFileType = sourcecode.swift; path = IntentSupportTests.swift; sourceTree = "<group>"; };
		57B3E760F020A24328342CEF /* TimeInputSheet.swift */ = {isa = PBXFileReference; lastKnownFileType = sourcecode.swift; path = TimeInputSheet.swift; sourceTree = "<group>"; };
		5AD959B818E5929AE591DFB6 /* WidgetPayload.swift */ = {isa = PBXFileReference; lastKnownFileType = sourcecode.swift; path = WidgetPayload.swift; sourceTree = "<group>"; };
		5E31980C7B72DD204CBC05AE /* QuickLogHereIntent.swift */ = {isa = PBXFileReference; lastKnownFileType = sourcecode.swift; path = QuickLogHereIntent.swift; sourceTree = "<group>"; };
		637229BB11FBC67744367D81 /* MushroomTimerWidgets.appex */ = {isa = PBXFileReference; includeInIndex = 0; lastKnownFileType = "wrapper.app-extension"; path = MushroomTimerWidgets.appex; sourceTree = BUILT_PRODUCTS_DIR; };
		6A71E4B4C56E636B7ADCAC83 /* TimerCalculatorTests.swift */ = {isa = PBXFileReference; lastKnownFileType = sourcecode.swift; path = TimerCalculatorTests.swift; sourceTree = "<group>"; };
		6AD755609E25F5F68BE0DBBD /* MushroomLiveActivity.swift */ = {isa = PBXFileReference; lastKnownFileType = sourcecode.swift; path = MushroomLiveActivity.swift; sourceTree = "<group>"; };
		71922B13A4D0F91F156DFBF2 /* LiveActivityStateTests.swift */ = {isa = PBXFileReference; lastKnownFileType = sourcecode.swift; path = LiveActivityStateTests.swift; sourceTree = "<group>"; };
		74CB5E0CB79E08D30AFCA9A7 /* MushroomLogger.swift */ = {isa = PBXFileReference; lastKnownFileType = sourcecode.swift; path = MushroomLogger.swift; sourceTree = "<group>"; };
		7A85F0E08E6E521A94B04B87 /* WidgetKit.framework */ = {isa = PBXFileReference; lastKnownFileType = wrapper.framework; name = WidgetKit.framework; path = System/Library/Frameworks/WidgetKit.framework; sourceTree = SDKROOT; };
		7DFA084045DB36DF6D3E601A /* MushroomTimerTests.xctest */ = {isa = PBXFileReference; includeInIndex = 0; lastKnownFileType = wrapper.cfbundle; path = MushroomTimerTests.xctest; sourceTree = BUILT_PRODUCTS_DIR; };
		85A342B37574622AEB979688 /* TimerCalculator.swift */ = {isa = PBXFileReference; lastKnownFileType = sourcecode.swift; path = TimerCalculator.swift; sourceTree = "<group>"; };
		8879A2D815A4A3A412BECF9A /* SharedKeychainTests.swift */ = {isa = PBXFileReference; lastKnownFileType = sourcecode.swift; path = SharedKeychainTests.swift; sourceTree = "<group>"; };
		891E4FD41DA6CC6C1FC00A62 /* DurationInputTests.swift */ = {isa = PBXFileReference; lastKnownFileType = sourcecode.swift; path = DurationInputTests.swift; sourceTree = "<group>"; };
		89E74C7A6C7EBCBB6099AB2A /* MushroomTimerWidgetBundle.swift */ = {isa = PBXFileReference; lastKnownFileType = sourcecode.swift; path = MushroomTimerWidgetBundle.swift; sourceTree = "<group>"; };
		8B03583BFC1C539B94CA12BF /* TimerEntry.swift */ = {isa = PBXFileReference; lastKnownFileType = sourcecode.swift; path = TimerEntry.swift; sourceTree = "<group>"; };
		8BBB1EA6B867776F4195DF16 /* MushroomListView.swift */ = {isa = PBXFileReference; lastKnownFileType = sourcecode.swift; path = MushroomListView.swift; sourceTree = "<group>"; };
		8CF2D158F38AEFA5A9AAABF4 /* NotificationServiceTests.swift */ = {isa = PBXFileReference; lastKnownFileType = sourcecode.swift; path = NotificationServiceTests.swift; sourceTree = "<group>"; };
		8D636E16EF698D45DA7800A7 /* BackupCodecTests.swift */ = {isa = PBXFileReference; lastKnownFileType = sourcecode.swift; path = BackupCodecTests.swift; sourceTree = "<group>"; };
		9550D71A0A92F7524F0638CD /* NotificationDiagnosticsTests.swift */ = {isa = PBXFileReference; lastKnownFileType = sourcecode.swift; path = NotificationDiagnosticsTests.swift; sourceTree = "<group>"; };
		96E1E0B3026496AA69470B6E /* MushroomTimer.entitlements */ = {isa = PBXFileReference; lastKnownFileType = text.plist.entitlements; path = MushroomTimer.entitlements; sourceTree = "<group>"; };
		9A5D2B440E1FDE34DE46E3D1 /* WidgetChannel.swift */ = {isa = PBXFileReference; lastKnownFileType = sourcecode.swift; path = WidgetChannel.swift; sourceTree = "<group>"; };
		9BA2B9FB411CCA3834DF3EB8 /* WidgetChannelTests.swift */ = {isa = PBXFileReference; lastKnownFileType = sourcecode.swift; path = WidgetChannelTests.swift; sourceTree = "<group>"; };
		9E7719BB896A4B2D7E13A89A /* NotificationDiagnostics.swift */ = {isa = PBXFileReference; lastKnownFileType = sourcecode.swift; path = NotificationDiagnostics.swift; sourceTree = "<group>"; };
		A244E04F74181BA501F8198F /* MushroomTimerWidgets.entitlements */ = {isa = PBXFileReference; lastKnownFileType = text.plist.entitlements; path = MushroomTimerWidgets.entitlements; sourceTree = "<group>"; };
		B2169958ADD14D4A0BD1BDDD /* SwiftUI.framework */ = {isa = PBXFileReference; lastKnownFileType = wrapper.framework; name = SwiftUI.framework; path = System/Library/Frameworks/SwiftUI.framework; sourceTree = SDKROOT; };
		B87C4E9939AC771A44C39E08 /* TimerQueries.swift */ = {isa = PBXFileReference; lastKnownFileType = sourcecode.swift; path = TimerQueries.swift; sourceTree = "<group>"; };
		BCDAB99F92C900AE3C775335 /* CurrentGroupResolver.swift */ = {isa = PBXFileReference; lastKnownFileType = sourcecode.swift; path = CurrentGroupResolver.swift; sourceTree = "<group>"; };
		C2E2F918B216DAD57127A166 /* MushroomGroup.swift */ = {isa = PBXFileReference; lastKnownFileType = sourcecode.swift; path = MushroomGroup.swift; sourceTree = "<group>"; };
		C3F07028EDD182948D078592 /* ActiveTimersSection.swift */ = {isa = PBXFileReference; lastKnownFileType = sourcecode.swift; path = ActiveTimersSection.swift; sourceTree = "<group>"; };
		C9771517F37027ECC43783A5 /* MushroomLoggerTests.swift */ = {isa = PBXFileReference; lastKnownFileType = sourcecode.swift; path = MushroomLoggerTests.swift; sourceTree = "<group>"; };
		CC94108FFEDDD25D3C887D53 /* Assets.xcassets */ = {isa = PBXFileReference; lastKnownFileType = folder.assetcatalog; path = Assets.xcassets; sourceTree = "<group>"; };
		D744EC7DBEAC48C7C9D87BBD /* LiveActivityController.swift */ = {isa = PBXFileReference; lastKnownFileType = sourcecode.swift; path = LiveActivityController.swift; sourceTree = "<group>"; };
		D9AD83BF34B380C857399EEF /* MushroomActivityAttributes.swift */ = {isa = PBXFileReference; lastKnownFileType = sourcecode.swift; path = MushroomActivityAttributes.swift; sourceTree = "<group>"; };
		DD32F8CD6E94134D758C221C /* NotificationService.swift */ = {isa = PBXFileReference; lastKnownFileType = sourcecode.swift; path = NotificationService.swift; sourceTree = "<group>"; };
		E8A06E2CBBF9940FC5FECE08 /* QuickLogIntent.swift */ = {isa = PBXFileReference; lastKnownFileType = sourcecode.swift; path = QuickLogIntent.swift; sourceTree = "<group>"; };
		E93297D94A2D72D565B1A641 /* Info.plist */ = {isa = PBXFileReference; lastKnownFileType = text.plist; path = Info.plist; sourceTree = "<group>"; };
		E9364EEC0FC19F4A378D0E47 /* QuickLogSection.swift */ = {isa = PBXFileReference; lastKnownFileType = sourcecode.swift; path = QuickLogSection.swift; sourceTree = "<group>"; };
		EB1CA25C71F8C05DF9872303 /* NotificationPolicyTests.swift */ = {isa = PBXFileReference; lastKnownFileType = sourcecode.swift; path = NotificationPolicyTests.swift; sourceTree = "<group>"; };
		ED89C90547C3FE29A133E296 /* ModelTests.swift */ = {isa = PBXFileReference; lastKnownFileType = sourcecode.swift; path = ModelTests.swift; sourceTree = "<group>"; };
		EEC62ADA0D9EC46EA87D3CAE /* DurationInput.swift */ = {isa = PBXFileReference; lastKnownFileType = sourcecode.swift; path = DurationInput.swift; sourceTree = "<group>"; };
		EFC3E015B3D8013887D11F29 /* NotificationActionHandlerTests.swift */ = {isa = PBXFileReference; lastKnownFileType = sourcecode.swift; path = NotificationActionHandlerTests.swift; sourceTree = "<group>"; };
		F12D1A6B98BE98CF5B7E05AB /* SettingsView.swift */ = {isa = PBXFileReference; lastKnownFileType = sourcecode.swift; path = SettingsView.swift; sourceTree = "<group>"; };
		F27031CBE502D1867FFD149A /* MainView.swift */ = {isa = PBXFileReference; lastKnownFileType = sourcecode.swift; path = MainView.swift; sourceTree = "<group>"; };
		F2A10FB26414FBBF8FD0C62C /* WidgetPayloadTests.swift */ = {isa = PBXFileReference; lastKnownFileType = sourcecode.swift; path = WidgetPayloadTests.swift; sourceTree = "<group>"; };
		F7F45689067D12F6C21F6A2A /* QuickLogWidget.swift */ = {isa = PBXFileReference; lastKnownFileType = sourcecode.swift; path = QuickLogWidget.swift; sourceTree = "<group>"; };
		FB1FF9F7A1A6F3D8810AB4D0 /* GroupLocatorTests.swift */ = {isa = PBXFileReference; lastKnownFileType = sourcecode.swift; path = GroupLocatorTests.swift; sourceTree = "<group>"; };
/* End PBXFileReference section */

/* Begin PBXFrameworksBuildPhase section */
		20C6949ABB30073AB3429DEE /* Frameworks */ = {
			isa = PBXFrameworksBuildPhase;
			buildActionMask = 2147483647;
			files = (
				2B0998B730257932B3B8490B /* SwiftUI.framework in Frameworks */,
				5235821BBE0EEBEF14AA207F /* WidgetKit.framework in Frameworks */,
			);
			runOnlyForDeploymentPostprocessing = 0;
		};
/* End PBXFrameworksBuildPhase section */

/* Begin PBXGroup section */
		0AF0CC3ACD7A0BE3CBE9E1B3 /* MushroomTimer */ = {
			isa = PBXGroup;
			children = (
				CC94108FFEDDD25D3C887D53 /* Assets.xcassets */,
				343D2B82C3797DA02F97425C /* Info.plist */,
				96E1E0B3026496AA69470B6E /* MushroomTimer.entitlements */,
				1166C53C71AF16FC09B6E3DC /* MushroomTimerApp.swift */,
				11423CE04D6A39EF98E1AD96 /* Intents */,
				D568C9E5D2493BD35408F88B /* Models */,
				A96D35EFBDAA10EBD0316AC2 /* Services */,
				C6AE8A05F9F3A3CB6558C8A7 /* Stores */,
				929AC975D1862BB45886D196 /* Views */,
			);
			path = MushroomTimer;
			sourceTree = "<group>";
		};
		11423CE04D6A39EF98E1AD96 /* Intents */ = {
			isa = PBXGroup;
			children = (
				2DEF3D309E373C072B0F3BC8 /* AppShortcuts.swift */,
				230953AEDF221C498B776C31 /* IntentSupport.swift */,
				36A6ECB5618A71F7CF2F7A0B /* LogMushroomIntent.swift */,
				265969DA8299EEEE86A5C7A9 /* MushroomEntity.swift */,
				5E31980C7B72DD204CBC05AE /* QuickLogHereIntent.swift */,
			);
			path = Intents;
			sourceTree = "<group>";
		};
		240F975350A4F78AD07704DD = {
			isa = PBXGroup;
			children = (
				0AF0CC3ACD7A0BE3CBE9E1B3 /* MushroomTimer */,
				2BBFF91B7DC253AB5E74BA6D /* MushroomTimerTests */,
				8DDCC9743291817A00031B0B /* MushroomTimerWidgets */,
				53BBF5092AF37BAA805A2C5C /* Shared */,
				F1E23BA8C80E9BB26122B853 /* Frameworks */,
				33EAB13EE185F30F58C18E20 /* Products */,
			);
			sourceTree = "<group>";
		};
		2BBFF91B7DC253AB5E74BA6D /* MushroomTimerTests */ = {
			isa = PBXGroup;
			children = (
				8D636E16EF698D45DA7800A7 /* BackupCodecTests.swift */,
				2B2E3DD43E9FDCF89208B802 /* CurrentGroupResolverTests.swift */,
				891E4FD41DA6CC6C1FC00A62 /* DurationInputTests.swift */,
				FB1FF9F7A1A6F3D8810AB4D0 /* GroupLocatorTests.swift */,
				568C87A44F55D1B138076F56 /* IntentSupportTests.swift */,
				71922B13A4D0F91F156DFBF2 /* LiveActivityStateTests.swift */,
				ED89C90547C3FE29A133E296 /* ModelTests.swift */,
				247930576A1444BDBE263607 /* MushroomActivityAttributesTests.swift */,
				C9771517F37027ECC43783A5 /* MushroomLoggerTests.swift */,
				EFC3E015B3D8013887D11F29 /* NotificationActionHandlerTests.swift */,
				9550D71A0A92F7524F0638CD /* NotificationDiagnosticsTests.swift */,
				EB1CA25C71F8C05DF9872303 /* NotificationPolicyTests.swift */,
				8CF2D158F38AEFA5A9AAABF4 /* NotificationServiceTests.swift */,
				1A1BCDBE90679F15E0455ED2 /* SettingsStoreTests.swift */,
				8879A2D815A4A3A412BECF9A /* SharedKeychainTests.swift */,
				1A79A5B9BDE577AFCE97B5E7 /* TimeInputModelTests.swift */,
				6A71E4B4C56E636B7ADCAC83 /* TimerCalculatorTests.swift */,
				4F9E19848B81138A3A6D384A /* TimerQueriesTests.swift */,
				9BA2B9FB411CCA3834DF3EB8 /* WidgetChannelTests.swift */,
				F2A10FB26414FBBF8FD0C62C /* WidgetPayloadTests.swift */,
			);
			path = MushroomTimerTests;
			sourceTree = "<group>";
		};
		33EAB13EE185F30F58C18E20 /* Products */ = {
			isa = PBXGroup;
			children = (
				0240A0C48ECADC15F6CA5CDB /* MushroomTimer.app */,
				7DFA084045DB36DF6D3E601A /* MushroomTimerTests.xctest */,
				637229BB11FBC67744367D81 /* MushroomTimerWidgets.appex */,
			);
			name = Products;
			sourceTree = "<group>";
		};
		53BBF5092AF37BAA805A2C5C /* Shared */ = {
			isa = PBXGroup;
			children = (
				D9AD83BF34B380C857399EEF /* MushroomActivityAttributes.swift */,
				308BDD69DC0D3B60A7D4F4CB /* Placeholder.swift */,
				E8A06E2CBBF9940FC5FECE08 /* QuickLogIntent.swift */,
				34C254939F88113A496C6A4B /* SharedKeychain.swift */,
				5AD959B818E5929AE591DFB6 /* WidgetPayload.swift */,
			);
			path = Shared;
			sourceTree = "<group>";
		};
		8DDCC9743291817A00031B0B /* MushroomTimerWidgets */ = {
			isa = PBXGroup;
			children = (
				E93297D94A2D72D565B1A641 /* Info.plist */,
				6AD755609E25F5F68BE0DBBD /* MushroomLiveActivity.swift */,
				89E74C7A6C7EBCBB6099AB2A /* MushroomTimerWidgetBundle.swift */,
				A244E04F74181BA501F8198F /* MushroomTimerWidgets.entitlements */,
				F7F45689067D12F6C21F6A2A /* QuickLogWidget.swift */,
			);
			path = MushroomTimerWidgets;
			sourceTree = "<group>";
		};
		929AC975D1862BB45886D196 /* Views */ = {
			isa = PBXGroup;
			children = (
				C3F07028EDD182948D078592 /* ActiveTimersSection.swift */,
				48E4125321C8FDA62C34E248 /* GroupListView.swift */,
				F27031CBE502D1867FFD149A /* MainView.swift */,
				8BBB1EA6B867776F4195DF16 /* MushroomListView.swift */,
				E9364EEC0FC19F4A378D0E47 /* QuickLogSection.swift */,
				F12D1A6B98BE98CF5B7E05AB /* SettingsView.swift */,
				57B3E760F020A24328342CEF /* TimeInputSheet.swift */,
			);
			path = Views;
			sourceTree = "<group>";
		};
		A96D35EFBDAA10EBD0316AC2 /* Services */ = {
			isa = PBXGroup;
			children = (
				D744EC7DBEAC48C7C9D87BBD /* LiveActivityController.swift */,
				4CCA0BF381B2D157151369AA /* LocationService.swift */,
				74CB5E0CB79E08D30AFCA9A7 /* MushroomLogger.swift */,
				248FBAA0FCB177A8B6AF1BB2 /* NotificationActionHandler.swift */,
				9E7719BB896A4B2D7E13A89A /* NotificationDiagnostics.swift */,
				0117BC947C514D32047430F9 /* NotificationPolicy.swift */,
				DD32F8CD6E94134D758C221C /* NotificationService.swift */,
				B87C4E9939AC771A44C39E08 /* TimerQueries.swift */,
				9A5D2B440E1FDE34DE46E3D1 /* WidgetChannel.swift */,
			);
			path = Services;
			sourceTree = "<group>";
		};
		C6AE8A05F9F3A3CB6558C8A7 /* Stores */ = {
			isa = PBXGroup;
			children = (
				4492FC31F9055FC6EB84871C /* BackupCodec.swift */,
				3A76B11F3066C1FDC4C76754 /* SettingsStore.swift */,
			);
			path = Stores;
			sourceTree = "<group>";
		};
		D568C9E5D2493BD35408F88B /* Models */ = {
			isa = PBXGroup;
			children = (
				BCDAB99F92C900AE3C775335 /* CurrentGroupResolver.swift */,
				EEC62ADA0D9EC46EA87D3CAE /* DurationInput.swift */,
				2386E5436F2E01CD239CF28F /* GroupLocator.swift */,
				10BF7536DBC3CF8BD634901F /* Mushroom.swift */,
				C2E2F918B216DAD57127A166 /* MushroomGroup.swift */,
				85A342B37574622AEB979688 /* TimerCalculator.swift */,
				8B03583BFC1C539B94CA12BF /* TimerEntry.swift */,
			);
			path = Models;
			sourceTree = "<group>";
		};
		F1E23BA8C80E9BB26122B853 /* Frameworks */ = {
			isa = PBXGroup;
			children = (
				B2169958ADD14D4A0BD1BDDD /* SwiftUI.framework */,
				7A85F0E08E6E521A94B04B87 /* WidgetKit.framework */,
			);
			name = Frameworks;
			sourceTree = "<group>";
		};
/* End PBXGroup section */

/* Begin PBXNativeTarget section */
		1899DEE8CEE401A47EEF0A9D /* MushroomTimer */ = {
			isa = PBXNativeTarget;
			buildConfigurationList = 2BFA354286BC7973E4E4B0F4 /* Build configuration list for PBXNativeTarget "MushroomTimer" */;
			buildPhases = (
				E3F82AA70DCCA6CCB8FED652 /* Sources */,
				DBC59E246BFBA4A4E022005F /* Resources */,
				6F8931382373ABC7A5AC26B5 /* Embed Foundation Extensions */,
			);
			buildRules = (
			);
			dependencies = (
				6788EAB211BF2F52632E4632 /* PBXTargetDependency */,
			);
			name = MushroomTimer;
			packageProductDependencies = (
			);
			productName = MushroomTimer;
			productReference = 0240A0C48ECADC15F6CA5CDB /* MushroomTimer.app */;
			productType = "com.apple.product-type.application";
		};
		8BDA4B8F53ED65CF6BDFABE8 /* MushroomTimerWidgets */ = {
			isa = PBXNativeTarget;
			buildConfigurationList = E68128F050FE3C47829BFE22 /* Build configuration list for PBXNativeTarget "MushroomTimerWidgets" */;
			buildPhases = (
				64A4BA3A1794F67392BC5ADA /* Sources */,
				20C6949ABB30073AB3429DEE /* Frameworks */,
			);
			buildRules = (
			);
			dependencies = (
			);
			name = MushroomTimerWidgets;
			packageProductDependencies = (
			);
			productName = MushroomTimerWidgets;
			productReference = 637229BB11FBC67744367D81 /* MushroomTimerWidgets.appex */;
			productType = "com.apple.product-type.app-extension";
		};
		B3A5F159975186CD5F5B9BBA /* MushroomTimerTests */ = {
			isa = PBXNativeTarget;
			buildConfigurationList = 07BFC1D4D7746AF4FC107A7F /* Build configuration list for PBXNativeTarget "MushroomTimerTests" */;
			buildPhases = (
				7CD37AC4CC9BFDBCFE96BC46 /* Sources */,
			);
			buildRules = (
			);
			dependencies = (
				C313DBC135C861C6B6B5756F /* PBXTargetDependency */,
			);
			name = MushroomTimerTests;
			packageProductDependencies = (
			);
			productName = MushroomTimerTests;
			productReference = 7DFA084045DB36DF6D3E601A /* MushroomTimerTests.xctest */;
			productType = "com.apple.product-type.bundle.unit-test";
		};
/* End PBXNativeTarget section */

/* Begin PBXProject section */
		350D3ADC84D368964DAA902C /* Project object */ = {
			isa = PBXProject;
			attributes = {
				BuildIndependentTargetsInParallel = YES;
				LastUpgradeCheck = 1430;
				TargetAttributes = {
					1899DEE8CEE401A47EEF0A9D = {
						ProvisioningStyle = Automatic;
					};
					8BDA4B8F53ED65CF6BDFABE8 = {
						ProvisioningStyle = Automatic;
					};
				};
			};
			buildConfigurationList = 8192CEB1A64D853E4B80B743 /* Build configuration list for PBXProject "MushroomTimer" */;
			developmentRegion = en;
			hasScannedForEncodings = 0;
			knownRegions = (
				Base,
				en,
			);
			mainGroup = 240F975350A4F78AD07704DD;
			minimizedProjectReferenceProxies = 1;
			preferredProjectObjectVersion = 77;
			productRefGroup = 33EAB13EE185F30F58C18E20 /* Products */;
			projectDirPath = "";
			projectRoot = "";
			targets = (
				1899DEE8CEE401A47EEF0A9D /* MushroomTimer */,
				8BDA4B8F53ED65CF6BDFABE8 /* MushroomTimerWidgets */,
				B3A5F159975186CD5F5B9BBA /* MushroomTimerTests */,
			);
		};
/* End PBXProject section */

/* Begin PBXResourcesBuildPhase section */
		DBC59E246BFBA4A4E022005F /* Resources */ = {
			isa = PBXResourcesBuildPhase;
			buildActionMask = 2147483647;
			files = (
				D3FB84D265F8F031FC48673C /* Assets.xcassets in Resources */,
			);
			runOnlyForDeploymentPostprocessing = 0;
		};
/* End PBXResourcesBuildPhase section */

/* Begin PBXSourcesBuildPhase section */
		64A4BA3A1794F67392BC5ADA /* Sources */ = {
			isa = PBXSourcesBuildPhase;
			buildActionMask = 2147483647;
			files = (
				736C8E46533527610FAAC229 /* MushroomActivityAttributes.swift in Sources */,
				93B9DD55DF2EBC79564F220C /* MushroomLiveActivity.swift in Sources */,
				8028E8A857218E2B22EBCCB9 /* MushroomTimerWidgetBundle.swift in Sources */,
				59E479BDC5D9BB3E4A837E99 /* Placeholder.swift in Sources */,
				FD417E18A05211A7D1865501 /* QuickLogIntent.swift in Sources */,
				CD946314177EAD4821A67686 /* QuickLogWidget.swift in Sources */,
				750E25B3BC94740179B74669 /* SharedKeychain.swift in Sources */,
				1E8BA52800B95E1B92C9B98F /* WidgetPayload.swift in Sources */,
			);
			runOnlyForDeploymentPostprocessing = 0;
		};
		7CD37AC4CC9BFDBCFE96BC46 /* Sources */ = {
			isa = PBXSourcesBuildPhase;
			buildActionMask = 2147483647;
			files = (
				8DBF77D3025C063A27C264CD /* BackupCodecTests.swift in Sources */,
				71A483C473EE1A0C1DD639C8 /* CurrentGroupResolverTests.swift in Sources */,
				304FD7E645216B3095BCA784 /* DurationInputTests.swift in Sources */,
				DB9236216DE673F9AD94F40B /* GroupLocatorTests.swift in Sources */,
				B54D6AE565F73557C26FD351 /* IntentSupportTests.swift in Sources */,
				9BA786FC741F424334EE2A88 /* LiveActivityStateTests.swift in Sources */,
				16A4A0D0306EDACC6B9AA2F4 /* ModelTests.swift in Sources */,
				70374674CBF77FB2E73AB9F2 /* MushroomActivityAttributesTests.swift in Sources */,
				B21FFFF3A358B43C8B1C5B3C /* MushroomLoggerTests.swift in Sources */,
				08EEDB271633BEA6DBB1D757 /* NotificationActionHandlerTests.swift in Sources */,
				56A8B5504DA3BD6068C4EA63 /* NotificationDiagnosticsTests.swift in Sources */,
				6574C45559F97CA8DE99BF59 /* NotificationPolicyTests.swift in Sources */,
				6D5BA672B6F4932333635F8A /* NotificationServiceTests.swift in Sources */,
				AC131AC4C7AAABB894D5E736 /* SettingsStoreTests.swift in Sources */,
				109986EB6D974225CBDAB668 /* SharedKeychainTests.swift in Sources */,
				7A6D240BEB6A228585353FE4 /* TimeInputModelTests.swift in Sources */,
				52B6CE119C23FC5944D5A936 /* TimerCalculatorTests.swift in Sources */,
				27448740B2BC19CEE6B2C9C4 /* TimerQueriesTests.swift in Sources */,
				A83A2E758C42E8F38BFD681F /* WidgetChannelTests.swift in Sources */,
				6703CA772C609D3A173E1742 /* WidgetPayloadTests.swift in Sources */,
			);
			runOnlyForDeploymentPostprocessing = 0;
		};
		E3F82AA70DCCA6CCB8FED652 /* Sources */ = {
			isa = PBXSourcesBuildPhase;
			buildActionMask = 2147483647;
			files = (
				F26B1AD8FBD679DC91FCC46B /* ActiveTimersSection.swift in Sources */,
				EA20F27ED095A7D1E4EE67AF /* AppShortcuts.swift in Sources */,
				361CD0B50F3C0BB7523B1EB1 /* BackupCodec.swift in Sources */,
				9AC019362584FC128BE4B3DB /* CurrentGroupResolver.swift in Sources */,
				86BD3E03DF9A00AAAB0C34D4 /* DurationInput.swift in Sources */,
				D1FB6F72B5A07271F7388BE8 /* GroupListView.swift in Sources */,
				489CACEDBAC8C51F40B7D91E /* GroupLocator.swift in Sources */,
				46890ED0A157A5A765F00192 /* IntentSupport.swift in Sources */,
				ACA298C948F597399336EE23 /* LiveActivityController.swift in Sources */,
				BBF92ED5C3C9F70B7B9EDF0A /* LocationService.swift in Sources */,
				E6FBE78F710ABAE6378ECD48 /* LogMushroomIntent.swift in Sources */,
				8BBA38CE3FB6A39EC639AA51 /* MainView.swift in Sources */,
				0BF2B9712BF81875AB346D0A /* Mushroom.swift in Sources */,
				8E416B7A5EB5C8D2F691F376 /* MushroomActivityAttributes.swift in Sources */,
				635ECE90DF763F5B643FBF02 /* MushroomEntity.swift in Sources */,
				3FF570F4AB11D6163246B9E1 /* MushroomGroup.swift in Sources */,
				907D3BD1FEEEE71626CEC42B /* MushroomListView.swift in Sources */,
				BB96BFAE5B8AC973A89416A7 /* MushroomLogger.swift in Sources */,
				A94A9B192CFB8F612A90703A /* MushroomTimerApp.swift in Sources */,
				E679C1DD39468A01CA4035FD /* NotificationActionHandler.swift in Sources */,
				A8C8D055AA13C6CFC22514C6 /* NotificationDiagnostics.swift in Sources */,
				2F34B87293809F28004C2D1D /* NotificationPolicy.swift in Sources */,
				8822B81A0A31FE1D5BBF2C18 /* NotificationService.swift in Sources */,
				6E01D9ABA21F40BC700DAA4B /* Placeholder.swift in Sources */,
				302DE55CE1C0317A30CA05EB /* QuickLogHereIntent.swift in Sources */,
				FEE220AEA3384405CA24F5DE /* QuickLogIntent.swift in Sources */,
				58BCC801B4B76ED0CA677688 /* QuickLogSection.swift in Sources */,
				FCC3A25577C7E4904CF5893E /* SettingsStore.swift in Sources */,
				391E9440BE76EBD1F8853135 /* SettingsView.swift in Sources */,
				43F63840E06822CFC843FEAB /* SharedKeychain.swift in Sources */,
				6E8705A0E5F6EB9E5516522E /* TimeInputSheet.swift in Sources */,
				E0935CCA6091F59CB4B70C60 /* TimerCalculator.swift in Sources */,
				ABDC6ECFEC4603DAD5EC3A4A /* TimerEntry.swift in Sources */,
				12A54EC9F3A062522FAB966A /* TimerQueries.swift in Sources */,
				18676072F6FE9FB1C1EEA6DB /* WidgetChannel.swift in Sources */,
				3C4125AD129A08E1EB8951E5 /* WidgetPayload.swift in Sources */,
			);
			runOnlyForDeploymentPostprocessing = 0;
		};
/* End PBXSourcesBuildPhase section */

/* Begin PBXTargetDependency section */
		6788EAB211BF2F52632E4632 /* PBXTargetDependency */ = {
			isa = PBXTargetDependency;
			target = 8BDA4B8F53ED65CF6BDFABE8 /* MushroomTimerWidgets */;
			targetProxy = 1AA8C5EEFFDF244CC8F42285 /* PBXContainerItemProxy */;
		};
		C313DBC135C861C6B6B5756F /* PBXTargetDependency */ = {
			isa = PBXTargetDependency;
			target = 1899DEE8CEE401A47EEF0A9D /* MushroomTimer */;
			targetProxy = 50C96E92BBB491EB7F0A2B87 /* PBXContainerItemProxy */;
		};
/* End PBXTargetDependency section */

/* Begin XCBuildConfiguration section */
		0B7AD5F168C3604C5B6883A9 /* Release */ = {
			isa = XCBuildConfiguration;
			buildSettings = {
				BUNDLE_LOADER = "$(TEST_HOST)";
				GENERATE_INFOPLIST_FILE = YES;
				LD_RUNPATH_SEARCH_PATHS = (
					"$(inherited)",
					"@executable_path/Frameworks",
					"@loader_path/Frameworks",
				);
				PRODUCT_BUNDLE_IDENTIFIER = com.chaoyu.MushroomTimerTests;
				SDKROOT = iphoneos;
				TARGETED_DEVICE_FAMILY = "1,2";
				TEST_HOST = "$(BUILT_PRODUCTS_DIR)/MushroomTimer.app/MushroomTimer";
			};
			name = Release;
		};
		14E2F5F727D08C91DB5C9BF6 /* Release */ = {
			isa = XCBuildConfiguration;
			buildSettings = {
				CODE_SIGN_ENTITLEMENTS = MushroomTimerWidgets/MushroomTimerWidgets.entitlements;
				CODE_SIGN_STYLE = Automatic;
				INFOPLIST_FILE = MushroomTimerWidgets/Info.plist;
				LD_RUNPATH_SEARCH_PATHS = (
					"$(inherited)",
					"@executable_path/Frameworks",
					"@executable_path/../../Frameworks",
				);
				PRODUCT_BUNDLE_IDENTIFIER = com.chaoyu.MushroomTimer.Widgets;
				SDKROOT = iphoneos;
				SKIP_INSTALL = YES;
				SWIFT_ACTIVE_COMPILATION_CONDITIONS = WIDGET_EXTENSION;
				TARGETED_DEVICE_FAMILY = 1;
			};
			name = Release;
		};
		3543019438B8AE9754E8AF37 /* Debug */ = {
			isa = XCBuildConfiguration;
			buildSettings = {
				ASSETCATALOG_COMPILER_APPICON_NAME = AppIcon;
				CODE_SIGN_ENTITLEMENTS = MushroomTimer/MushroomTimer.entitlements;
				CODE_SIGN_IDENTITY = "iPhone Developer";
				CODE_SIGN_STYLE = Automatic;
				INFOPLIST_FILE = MushroomTimer/Info.plist;
				LD_RUNPATH_SEARCH_PATHS = (
					"$(inherited)",
					"@executable_path/Frameworks",
				);
				PRODUCT_BUNDLE_IDENTIFIER = com.chaoyu.MushroomTimer;
				SDKROOT = iphoneos;
				SWIFT_EMIT_LOC_STRINGS = YES;
				TARGETED_DEVICE_FAMILY = 1;
			};
			name = Debug;
		};
		54A357B88DDCF26640C29A0A /* Debug */ = {
			isa = XCBuildConfiguration;
			buildSettings = {
				BUNDLE_LOADER = "$(TEST_HOST)";
				GENERATE_INFOPLIST_FILE = YES;
				LD_RUNPATH_SEARCH_PATHS = (
					"$(inherited)",
					"@executable_path/Frameworks",
					"@loader_path/Frameworks",
				);
				PRODUCT_BUNDLE_IDENTIFIER = com.chaoyu.MushroomTimerTests;
				SDKROOT = iphoneos;
				TARGETED_DEVICE_FAMILY = "1,2";
				TEST_HOST = "$(BUILT_PRODUCTS_DIR)/MushroomTimer.app/MushroomTimer";
			};
			name = Debug;
		};
		5FEBBB51973E2BD84435A57D /* Debug */ = {
			isa = XCBuildConfiguration;
			buildSettings = {
				CODE_SIGN_ENTITLEMENTS = MushroomTimerWidgets/MushroomTimerWidgets.entitlements;
				CODE_SIGN_STYLE = Automatic;
				INFOPLIST_FILE = MushroomTimerWidgets/Info.plist;
				LD_RUNPATH_SEARCH_PATHS = (
					"$(inherited)",
					"@executable_path/Frameworks",
					"@executable_path/../../Frameworks",
				);
				PRODUCT_BUNDLE_IDENTIFIER = com.chaoyu.MushroomTimer.Widgets;
				SDKROOT = iphoneos;
				SKIP_INSTALL = YES;
				SWIFT_ACTIVE_COMPILATION_CONDITIONS = WIDGET_EXTENSION;
				TARGETED_DEVICE_FAMILY = 1;
			};
			name = Debug;
		};
		62C1901A293BD210407E0495 /* Release */ = {
			isa = XCBuildConfiguration;
			buildSettings = {
				ALWAYS_SEARCH_USER_PATHS = NO;
				CLANG_ANALYZER_NONNULL = YES;
				CLANG_ANALYZER_NUMBER_OBJECT_CONVERSION = YES_AGGRESSIVE;
				CLANG_CXX_LANGUAGE_STANDARD = "gnu++14";
				CLANG_CXX_LIBRARY = "libc++";
				CLANG_ENABLE_MODULES = YES;
				CLANG_ENABLE_OBJC_ARC = YES;
				CLANG_ENABLE_OBJC_WEAK = YES;
				CLANG_WARN_BLOCK_CAPTURE_AUTORELEASING = YES;
				CLANG_WARN_BOOL_CONVERSION = YES;
				CLANG_WARN_COMMA = YES;
				CLANG_WARN_CONSTANT_CONVERSION = YES;
				CLANG_WARN_DEPRECATED_OBJC_IMPLEMENTATIONS = YES;
				CLANG_WARN_DIRECT_OBJC_ISA_USAGE = YES_ERROR;
				CLANG_WARN_DOCUMENTATION_COMMENTS = YES;
				CLANG_WARN_EMPTY_BODY = YES;
				CLANG_WARN_ENUM_CONVERSION = YES;
				CLANG_WARN_INFINITE_RECURSION = YES;
				CLANG_WARN_INT_CONVERSION = YES;
				CLANG_WARN_NON_LITERAL_NULL_CONVERSION = YES;
				CLANG_WARN_OBJC_IMPLICIT_RETAIN_SELF = YES;
				CLANG_WARN_OBJC_LITERAL_CONVERSION = YES;
				CLANG_WARN_OBJC_ROOT_CLASS = YES_ERROR;
				CLANG_WARN_QUOTED_INCLUDE_IN_FRAMEWORK_HEADER = YES;
				CLANG_WARN_RANGE_LOOP_ANALYSIS = YES;
				CLANG_WARN_STRICT_PROTOTYPES = YES;
				CLANG_WARN_SUSPICIOUS_MOVE = YES;
				CLANG_WARN_UNGUARDED_AVAILABILITY = YES_AGGRESSIVE;
				CLANG_WARN_UNREACHABLE_CODE = YES;
				CLANG_WARN__DUPLICATE_METHOD_MATCH = YES;
				COPY_PHASE_STRIP = NO;
				DEBUG_INFORMATION_FORMAT = "dwarf-with-dsym";
				ENABLE_NS_ASSERTIONS = NO;
				ENABLE_STRICT_OBJC_MSGSEND = YES;
				GCC_C_LANGUAGE_STANDARD = gnu11;
				GCC_NO_COMMON_BLOCKS = YES;
				GCC_WARN_64_TO_32_BIT_CONVERSION = YES;
				GCC_WARN_ABOUT_RETURN_TYPE = YES_ERROR;
				GCC_WARN_UNDECLARED_SELECTOR = YES;
				GCC_WARN_UNINITIALIZED_AUTOS = YES_AGGRESSIVE;
				GCC_WARN_UNUSED_FUNCTION = YES;
				GCC_WARN_UNUSED_VARIABLE = YES;
				IPHONEOS_DEPLOYMENT_TARGET = 17.0;
				MTL_ENABLE_DEBUG_INFO = NO;
				MTL_FAST_MATH = YES;
				PRODUCT_NAME = "$(TARGET_NAME)";
				SDKROOT = iphoneos;
				SWIFT_COMPILATION_MODE = wholemodule;
				SWIFT_OPTIMIZATION_LEVEL = "-O";
				SWIFT_VERSION = 5.0;
			};
			name = Release;
		};
		E3B832FAAD48F009C38B4B18 /* Release */ = {
			isa = XCBuildConfiguration;
			buildSettings = {
				ASSETCATALOG_COMPILER_APPICON_NAME = AppIcon;
				CODE_SIGN_ENTITLEMENTS = MushroomTimer/MushroomTimer.entitlements;
				CODE_SIGN_IDENTITY = "iPhone Developer";
				CODE_SIGN_STYLE = Automatic;
				INFOPLIST_FILE = MushroomTimer/Info.plist;
				LD_RUNPATH_SEARCH_PATHS = (
					"$(inherited)",
					"@executable_path/Frameworks",
				);
				PRODUCT_BUNDLE_IDENTIFIER = com.chaoyu.MushroomTimer;
				SDKROOT = iphoneos;
				SWIFT_EMIT_LOC_STRINGS = YES;
				TARGETED_DEVICE_FAMILY = 1;
			};
			name = Release;
		};
		F15C41B3ADEC9FF47E0F9709 /* Debug */ = {
			isa = XCBuildConfiguration;
			buildSettings = {
				ALWAYS_SEARCH_USER_PATHS = NO;
				CLANG_ANALYZER_NONNULL = YES;
				CLANG_ANALYZER_NUMBER_OBJECT_CONVERSION = YES_AGGRESSIVE;
				CLANG_CXX_LANGUAGE_STANDARD = "gnu++14";
				CLANG_CXX_LIBRARY = "libc++";
				CLANG_ENABLE_MODULES = YES;
				CLANG_ENABLE_OBJC_ARC = YES;
				CLANG_ENABLE_OBJC_WEAK = YES;
				CLANG_WARN_BLOCK_CAPTURE_AUTORELEASING = YES;
				CLANG_WARN_BOOL_CONVERSION = YES;
				CLANG_WARN_COMMA = YES;
				CLANG_WARN_CONSTANT_CONVERSION = YES;
				CLANG_WARN_DEPRECATED_OBJC_IMPLEMENTATIONS = YES;
				CLANG_WARN_DIRECT_OBJC_ISA_USAGE = YES_ERROR;
				CLANG_WARN_DOCUMENTATION_COMMENTS = YES;
				CLANG_WARN_EMPTY_BODY = YES;
				CLANG_WARN_ENUM_CONVERSION = YES;
				CLANG_WARN_INFINITE_RECURSION = YES;
				CLANG_WARN_INT_CONVERSION = YES;
				CLANG_WARN_NON_LITERAL_NULL_CONVERSION = YES;
				CLANG_WARN_OBJC_IMPLICIT_RETAIN_SELF = YES;
				CLANG_WARN_OBJC_LITERAL_CONVERSION = YES;
				CLANG_WARN_OBJC_ROOT_CLASS = YES_ERROR;
				CLANG_WARN_QUOTED_INCLUDE_IN_FRAMEWORK_HEADER = YES;
				CLANG_WARN_RANGE_LOOP_ANALYSIS = YES;
				CLANG_WARN_STRICT_PROTOTYPES = YES;
				CLANG_WARN_SUSPICIOUS_MOVE = YES;
				CLANG_WARN_UNGUARDED_AVAILABILITY = YES_AGGRESSIVE;
				CLANG_WARN_UNREACHABLE_CODE = YES;
				CLANG_WARN__DUPLICATE_METHOD_MATCH = YES;
				COPY_PHASE_STRIP = NO;
				DEBUG_INFORMATION_FORMAT = dwarf;
				ENABLE_STRICT_OBJC_MSGSEND = YES;
				ENABLE_TESTABILITY = YES;
				GCC_C_LANGUAGE_STANDARD = gnu11;
				GCC_DYNAMIC_NO_PIC = NO;
				GCC_NO_COMMON_BLOCKS = YES;
				GCC_OPTIMIZATION_LEVEL = 0;
				GCC_PREPROCESSOR_DEFINITIONS = (
					"$(inherited)",
					"DEBUG=1",
				);
				GCC_WARN_64_TO_32_BIT_CONVERSION = YES;
				GCC_WARN_ABOUT_RETURN_TYPE = YES_ERROR;
				GCC_WARN_UNDECLARED_SELECTOR = YES;
				GCC_WARN_UNINITIALIZED_AUTOS = YES_AGGRESSIVE;
				GCC_WARN_UNUSED_FUNCTION = YES;
				GCC_WARN_UNUSED_VARIABLE = YES;
				IPHONEOS_DEPLOYMENT_TARGET = 17.0;
				MTL_ENABLE_DEBUG_INFO = INCLUDE_SOURCE;
				MTL_FAST_MATH = YES;
				ONLY_ACTIVE_ARCH = YES;
				PRODUCT_NAME = "$(TARGET_NAME)";
				SDKROOT = iphoneos;
				SWIFT_ACTIVE_COMPILATION_CONDITIONS = DEBUG;
				SWIFT_OPTIMIZATION_LEVEL = "-Onone";
				SWIFT_VERSION = 5.0;
			};
			name = Debug;
		};
/* End XCBuildConfiguration section */

/* Begin XCConfigurationList section */
		07BFC1D4D7746AF4FC107A7F /* Build configuration list for PBXNativeTarget "MushroomTimerTests" */ = {
			isa = XCConfigurationList;
			buildConfigurations = (
				54A357B88DDCF26640C29A0A /* Debug */,
				0B7AD5F168C3604C5B6883A9 /* Release */,
			);
			defaultConfigurationIsVisible = 0;
			defaultConfigurationName = Debug;
		};
		2BFA354286BC7973E4E4B0F4 /* Build configuration list for PBXNativeTarget "MushroomTimer" */ = {
			isa = XCConfigurationList;
			buildConfigurations = (
				3543019438B8AE9754E8AF37 /* Debug */,
				E3B832FAAD48F009C38B4B18 /* Release */,
			);
			defaultConfigurationIsVisible = 0;
			defaultConfigurationName = Debug;
		};
		8192CEB1A64D853E4B80B743 /* Build configuration list for PBXProject "MushroomTimer" */ = {
			isa = XCConfigurationList;
			buildConfigurations = (
				F15C41B3ADEC9FF47E0F9709 /* Debug */,
				62C1901A293BD210407E0495 /* Release */,
			);
			defaultConfigurationIsVisible = 0;
			defaultConfigurationName = Debug;
		};
		E68128F050FE3C47829BFE22 /* Build configuration list for PBXNativeTarget "MushroomTimerWidgets" */ = {
			isa = XCConfigurationList;
			buildConfigurations = (
				5FEBBB51973E2BD84435A57D /* Debug */,
				14E2F5F727D08C91DB5C9BF6 /* Release */,
			);
			defaultConfigurationIsVisible = 0;
			defaultConfigurationName = Debug;
		};
/* End XCConfigurationList section */
	};
	rootObject = 350D3ADC84D368964DAA902C /* Project object */;
}
